
Microsoft Visual Studio Solution File, Format Version 12.00
# Visual Studio Version 17
VisualStudioVersion = 17.4.33122.133
MinimumVisualStudioVersion = 10.0.40219.1
Project("{FAE04EC0-301F-11D3-BF4B-00C04F79EFBC}") = "Rifa", "Rifa\Rifa.csproj", "{D64106DD-8207-470C-8C56-CF0E228C6644}"
EndProject
Global
	GlobalSection(SolutionConfigurationPlatforms) = preSolution
		Debug|Any CPU = Debug|Any CPU
		Release|Any CPU = Release|Any CPU
	EndGlobalSection
	GlobalSection(ProjectConfigurationPlatforms) = postSolution
		{D64106DD-8207-470C-8C56-CF0E228C6644}.Debug|Any CPU.ActiveCfg = Debug|Any CPU
		{D64106DD-8207-470C-8C56-CF0E228C6644}.Debug|Any CPU.Build.0 = Debug|Any CPU
		{D64106DD-8207-470C-8C56-CF0E228C6644}.Release|Any CPU.ActiveCfg = Release|Any CPU
		{D64106DD-8207-470C-8C56-CF0E228C6644}.Release|Any CPU.Build.0 = Release|Any CPU
	EndGlobalSection
	GlobalSection(SolutionProperties) = preSolution
		HideSolutionNode = FALSE
	EndGlobalSection
	GlobalSection(ExtensibilityGlobals) = postSolution
		SolutionGuid = {C19C2ADB-EFFB-4B8A-8DF9-D3B5F3BEBC6A}
	EndGlobalSection
EndGlobal
